
Microsoft Visual Studio Solution File, Format Version 12.00
# Visual Studio Version 16
VisualStudioVersion = 16.0.30717.126
MinimumVisualStudioVersion = 10.0.40219.1
Project("{FAE04EC0-301F-11D3-BF4B-00C04F79EFBC}") = "Projekt PP", "Projekt PP.csproj", "{A05473DD-2D27-4724-A829-0631D838EDD4}"
EndProject
Global
	GlobalSection(SolutionConfigurationPlatforms) = preSolution
		Debug|Any CPU = Debug|Any CPU
		Release|Any CPU = Release|Any CPU
	EndGlobalSection
	GlobalSection(ProjectConfigurationPlatforms) = postSolution
		{A05473DD-2D27-4724-A829-0631D838EDD4}.Debug|Any CPU.ActiveCfg = Debug|Any CPU
		{A05473DD-2D27-4724-A829-0631D838EDD4}.Debug|Any CPU.Build.0 = Debug|Any CPU
		{A05473DD-2D27-4724-A829-0631D838EDD4}.Release|Any CPU.ActiveCfg = Release|Any CPU
		{A05473DD-2D27-4724-A829-0631D838EDD4}.Release|Any CPU.Build.0 = Release|Any CPU
	EndGlobalSection
	GlobalSection(SolutionProperties) = preSolution
		HideSolutionNode = FALSE
	EndGlobalSection
	GlobalSection(ExtensibilityGlobals) = postSolution
		SolutionGuid = {45D3FB4A-15C0-44A1-8D6D-C9FA425A489A}
	EndGlobalSection
EndGlobal
